
Microsoft Visual Studio Solution File, Format Version 12.00
# Visual Studio Version 17
VisualStudioVersion = 17.7.34221.43
MinimumVisualStudioVersion = 10.0.40219.1
Project("{FAE04EC0-301F-11D3-BF4B-00C04F79EFBC}") = "TodoListApi", "TodoListApi.csproj", "{13790761-C5D6-4D93-8D66-84FC5F1D39E2}"
EndProject
Project("{FAE04EC0-301F-11D3-BF4B-00C04F79EFBC}") = "TodoListApi.DataAccess", "..\TodoListApi.DataAccess\TodoListApi.DataAccess.csproj", "{42747150-83F8-4CB3-929E-5796C349A55C}"
EndProject
Global
	GlobalSection(SolutionConfigurationPlatforms) = preSolution
		Debug|Any CPU = Debug|Any CPU
		Release|Any CPU = Release|Any CPU
	EndGlobalSection
	GlobalSection(ProjectConfigurationPlatforms) = postSolution
		{13790761-C5D6-4D93-8D66-84FC5F1D39E2}.Debug|Any CPU.ActiveCfg = Debug|Any CPU
		{13790761-C5D6-4D93-8D66-84FC5F1D39E2}.Debug|Any CPU.Build.0 = Debug|Any CPU
		{13790761-C5D6-4D93-8D66-84FC5F1D39E2}.Release|Any CPU.ActiveCfg = Release|Any CPU
		{13790761-C5D6-4D93-8D66-84FC5F1D39E2}.Release|Any CPU.Build.0 = Release|Any CPU
		{42747150-83F8-4CB3-929E-5796C349A55C}.Debug|Any CPU.ActiveCfg = Debug|Any CPU
		{42747150-83F8-4CB3-929E-5796C349A55C}.Debug|Any CPU.Build.0 = Debug|Any CPU
		{42747150-83F8-4CB3-929E-5796C349A55C}.Release|Any CPU.ActiveCfg = Release|Any CPU
		{42747150-83F8-4CB3-929E-5796C349A55C}.Release|Any CPU.Build.0 = Release|Any CPU
	EndGlobalSection
	GlobalSection(SolutionProperties) = preSolution
		HideSolutionNode = FALSE
	EndGlobalSection
	GlobalSection(ExtensibilityGlobals) = postSolution
		SolutionGuid = {354CD0A9-4E21-4D23-AE53-F41B6A25035D}
	EndGlobalSection
EndGlobal
